
Microsoft Visual Studio Solution File, Format Version 12.00
Project("{FAE04EC0-301F-11D3-BF4B-00C04F79EFBC}") = "AutoAnalysisTest", "AutoAnalysisTest.csproj", "{DA6D483E-4F50-4143-90DA-641E1D12F141}"
EndProject
Global
	GlobalSection(SolutionConfigurationPlatforms) = preSolution
		Debug|Any CPU = Debug|Any CPU
		Release|Any CPU = Release|Any CPU
	EndGlobalSection
	GlobalSection(ProjectConfigurationPlatforms) = postSolution
		{DA6D483E-4F50-4143-90DA-641E1D12F141}.Debug|Any CPU.ActiveCfg = Debug|Any CPU
		{DA6D483E-4F50-4143-90DA-641E1D12F141}.Debug|Any CPU.Build.0 = Debug|Any CPU
		{DA6D483E-4F50-4143-90DA-641E1D12F141}.Release|Any CPU.ActiveCfg = Release|Any CPU
		{DA6D483E-4F50-4143-90DA-641E1D12F141}.Release|Any CPU.Build.0 = Release|Any CPU
	EndGlobalSection
EndGlobal
